
Microsoft Visual Studio Solution File, Format Version 12.00
# Visual Studio Version 17
VisualStudioVersion = 17.13.35828.75 d17.13
MinimumVisualStudioVersion = 10.0.40219.1
Project("{8BC9CEB8-8B4A-11D0-8D11-00A0C91BC942}") = "UniversalRenderingModule", "UniversalRenderingModule\UniversalRenderingModule.vcxproj", "{783E08B1-4CCC-4B36-9531-184647FB23F4}"
EndProject
Global
	GlobalSection(SolutionConfigurationPlatforms) = preSolution
		Debug|x64 = Debug|x64
		Debug|x86 = Debug|x86
		Release|x64 = Release|x64
		Release|x86 = Release|x86
	EndGlobalSection
	GlobalSection(ProjectConfigurationPlatforms) = postSolution
		{783E08B1-4CCC-4B36-9531-184647FB23F4}.Debug|x64.ActiveCfg = Debug|x64
		{783E08B1-4CCC-4B36-9531-184647FB23F4}.Debug|x64.Build.0 = Debug|x64
		{783E08B1-4CCC-4B36-9531-184647FB23F4}.Debug|x86.ActiveCfg = Debug|Win32
		{783E08B1-4CCC-4B36-9531-184647FB23F4}.Debug|x86.Build.0 = Debug|Win32
		{783E08B1-4CCC-4B36-9531-184647FB23F4}.Release|x64.ActiveCfg = Release|x64
		{783E08B1-4CCC-4B36-9531-184647FB23F4}.Release|x64.Build.0 = Release|x64
		{783E08B1-4CCC-4B36-9531-184647FB23F4}.Release|x86.ActiveCfg = Release|Win32
		{783E08B1-4CCC-4B36-9531-184647FB23F4}.Release|x86.Build.0 = Release|Win32
	EndGlobalSection
	GlobalSection(SolutionProperties) = preSolution
		HideSolutionNode = FALSE
	EndGlobalSection
	GlobalSection(ExtensibilityGlobals) = postSolution
		SolutionGuid = {E3CC78CB-73D9-45CB-AEE4-F7DFCF3F04AB}
	EndGlobalSection
EndGlobal
